
Microsoft Visual Studio Solution File, Format Version 12.00
# Visual Studio Version 17
VisualStudioVersion = 17.14.36414.22 d17.14
MinimumVisualStudioVersion = 10.0.40219.1
Project("{FAE04EC0-301F-11D3-BF4B-00C04F79EFBC}") = "Assignment5.4.2", "Assignment5.4.2.csproj", "{562F2E9F-EAE4-43B6-8202-3D05B76DEB0C}"
EndProject
Global
	GlobalSection(SolutionConfigurationPlatforms) = preSolution
		Debug|Any CPU = Debug|Any CPU
		Release|Any CPU = Release|Any CPU
	EndGlobalSection
	GlobalSection(ProjectConfigurationPlatforms) = postSolution
		{562F2E9F-EAE4-43B6-8202-3D05B76DEB0C}.Debug|Any CPU.ActiveCfg = Debug|Any CPU
		{562F2E9F-EAE4-43B6-8202-3D05B76DEB0C}.Debug|Any CPU.Build.0 = Debug|Any CPU
		{562F2E9F-EAE4-43B6-8202-3D05B76DEB0C}.Release|Any CPU.ActiveCfg = Release|Any CPU
		{562F2E9F-EAE4-43B6-8202-3D05B76DEB0C}.Release|Any CPU.Build.0 = Release|Any CPU
	EndGlobalSection
	GlobalSection(SolutionProperties) = preSolution
		HideSolutionNode = FALSE
	EndGlobalSection
	GlobalSection(ExtensibilityGlobals) = postSolution
		SolutionGuid = {EBAB2EFE-8774-4490-A515-50E7DBB512E2}
	EndGlobalSection
EndGlobal
